
Microsoft Visual Studio Solution File, Format Version 12.00
# Visual Studio Version 17
VisualStudioVersion = 17.10.34928.147
MinimumVisualStudioVersion = 10.0.40219.1
Project("{9A19103F-16F7-4668-BE54-9A1E7A4F7556}") = "BookLibraryMvcProj", "BookLibraryMvcProj.csproj", "{013BF16E-B93E-4D7D-925D-0387FC08CC37}"
EndProject
Global
	GlobalSection(SolutionConfigurationPlatforms) = preSolution
		Debug|Any CPU = Debug|Any CPU
		Release|Any CPU = Release|Any CPU
	EndGlobalSection
	GlobalSection(ProjectConfigurationPlatforms) = postSolution
		{013BF16E-B93E-4D7D-925D-0387FC08CC37}.Debug|Any CPU.ActiveCfg = Debug|Any CPU
		{013BF16E-B93E-4D7D-925D-0387FC08CC37}.Debug|Any CPU.Build.0 = Debug|Any CPU
		{013BF16E-B93E-4D7D-925D-0387FC08CC37}.Release|Any CPU.ActiveCfg = Release|Any CPU
		{013BF16E-B93E-4D7D-925D-0387FC08CC37}.Release|Any CPU.Build.0 = Release|Any CPU
	EndGlobalSection
	GlobalSection(SolutionProperties) = preSolution
		HideSolutionNode = FALSE
	EndGlobalSection
	GlobalSection(ExtensibilityGlobals) = postSolution
		SolutionGuid = {46E649A2-E813-45ED-857B-BE398E63986F}
	EndGlobalSection
EndGlobal
